// !$*UTF8*$!
{
	archiveVersion = 1;
	classes = {
	};
	objectVersion = 46;
	objects = {

/* Begin PBXBuildFile section */
		7724226B18B34F8E00200218 /* back_indicator_image.png in Resources */ = {isa = PBXBuildFile; fileRef = 7724226618B34F8E00200218 /* back_indicator_image.png */; };
		7724226C18B34F8E00200218 /* back_indicator_image@2x.png in Resources */ = {isa = PBXBuildFile; fileRef = 7724226718B34F8E00200218 /* back_indicator_image@2x.png */; };
		7724226D18B34F8E00200218 /* DKBackButtonLocalizable.strings in Resources */ = {isa = PBXBuildFile; fileRef = 7724226818B34F8E00200218 /* DKBackButtonLocalizable.strings */; };
		772BA25C183B85B200B81A41 /* CodeExampleViewController.m in Sources */ = {isa = PBXBuildFile; fileRef = 772BA25B183B85B200B81A41 /* CodeExampleViewController.m */; };
		77534FC2183A12160005D89B /* DKBackBarButtonItem.m in Sources */ = {isa = PBXBuildFile; fileRef = 77534FAA183A12160005D89B /* DKBackBarButtonItem.m */; };
		77534FC3183A12160005D89B /* DKBackButton.m in Sources */ = {isa = PBXBuildFile; fileRef = 77534FAC183A12160005D89B /* DKBackButton.m */; };
		77534FC4183A12160005D89B /* Main_iPad.storyboard in Resources */ = {isa = PBXBuildFile; fileRef = 77534FAF183A12160005D89B /* Main_iPad.storyboard */; };
		77534FC5183A12160005D89B /* Main_iPhone.storyboard in Resources */ = {isa = PBXBuildFile; fileRef = 77534FB1183A12160005D89B /* Main_iPhone.storyboard */; };
		77534FC6183A12160005D89B /* InfoPlist.strings in Resources */ = {isa = PBXBuildFile; fileRef = 77534FB3183A12160005D89B /* InfoPlist.strings */; };
		77534FC7183A12160005D89B /* Images.xcassets in Resources */ = {isa = PBXBuildFile; fileRef = 77534FB5183A12160005D89B /* Images.xcassets */; };
		77534FC8183A12160005D89B /* AppDelegate.m in Sources */ = {isa = PBXBuildFile; fileRef = 77534FB8183A12160005D89B /* AppDelegate.m */; };
		77534FC9183A12160005D89B /* CodeDemoView.m in Sources */ = {isa = PBXBuildFile; fileRef = 77534FBA183A12160005D89B /* CodeDemoView.m */; };
		77534FCB183A12160005D89B /* main.m in Sources */ = {isa = PBXBuildFile; fileRef = 77534FBD183A12160005D89B /* main.m */; };
		77534FCC183A12160005D89B /* ViewController.m in Sources */ = {isa = PBXBuildFile; fileRef = 77534FBF183A12160005D89B /* ViewController.m */; };
		77A1B7211836A90600735C4F /* Foundation.framework in Frameworks */ = {isa = PBXBuildFile; fileRef = 77A1B7201836A90600735C4F /* Foundation.framework */; };
		77A1B7231836A90600735C4F /* CoreGraphics.framework in Frameworks */ = {isa = PBXBuildFile; fileRef = 77A1B7221836A90600735C4F /* CoreGraphics.framework */; };
		77A1B7251836A90600735C4F /* UIKit.framework in Frameworks */ = {isa = PBXBuildFile; fileRef = 77A1B7241836A90600735C4F /* UIKit.framework */; };
		77A1B7431836A90600735C4F /* XCTest.framework in Frameworks */ = {isa = PBXBuildFile; fileRef = 77A1B7421836A90600735C4F /* XCTest.framework */; };
		77A1B7441836A90600735C4F /* Foundation.framework in Frameworks */ = {isa = PBXBuildFile; fileRef = 77A1B7201836A90600735C4F /* Foundation.framework */; };
		77A1B7451836A90600735C4F /* UIKit.framework in Frameworks */ = {isa = PBXBuildFile; fileRef = 77A1B7241836A90600735C4F /* UIKit.framework */; };
/* End PBXBuildFile section */

/* Begin PBXContainerItemProxy section */
		77A1B7461836A90600735C4F /* PBXContainerItemProxy */ = {
			isa = PBXContainerItemProxy;
			containerPortal = 77A1B7151836A90600735C4F /* Project object */;
			proxyType = 1;
			remoteGlobalIDString = 77A1B71C1836A90600735C4F;
			remoteInfo = CustoNavbarBackButton;
		};
/* End PBXContainerItemProxy section */

/* Begin PBXFileReference section */
		7724226618B34F8E00200218 /* back_indicator_image.png */ = {isa = PBXFileReference; lastKnownFileType = image.png; path = back_indicator_image.png; sourceTree = "<group>"; };
		7724226718B34F8E00200218 /* back_indicator_image@2x.png */ = {isa = PBXFileReference; lastKnownFileType = image.png; path = "back_indicator_image@2x.png"; sourceTree = "<group>"; };
		7724226918B34F8E00200218 /* Base */ = {isa = PBXFileReference; lastKnownFileType = text.plist.strings; name = Base; path = Base.lproj/DKBackButtonLocalizable.strings; sourceTree = "<group>"; };
		7724226A18B34F8E00200218 /* ru */ = {isa = PBXFileReference; lastKnownFileType = text.plist.strings; name = ru; path = ru.lproj/DKBackButtonLocalizable.strings; sourceTree = "<group>"; };
		772BA25A183B85B200B81A41 /* CodeExampleViewController.h */ = {isa = PBXFileReference; fileEncoding = 4; lastKnownFileType = sourcecode.c.h; path = CodeExampleViewController.h; sourceTree = "<group>"; };
		772BA25B183B85B200B81A41 /* CodeExampleViewController.m */ = {isa = PBXFileReference; fileEncoding = 4; lastKnownFileType = sourcecode.c.objc; path = CodeExampleViewController.m; sourceTree = "<group>"; };
		77534FA9183A12160005D89B /* DKBackBarButtonItem.h */ = {isa = PBXFileReference; fileEncoding = 4; lastKnownFileType = sourcecode.c.h; path = DKBackBarButtonItem.h; sourceTree = "<group>"; };
		77534FAA183A12160005D89B /* DKBackBarButtonItem.m */ = {isa = PBXFileReference; fileEncoding = 4; lastKnownFileType = sourcecode.c.objc; path = DKBackBarButtonItem.m; sourceTree = "<group>"; };
		77534FAB183A12160005D89B /* DKBackButton.h */ = {isa = PBXFileReference; fileEncoding = 4; lastKnownFileType = sourcecode.c.h; path = DKBackButton.h; sourceTree = "<group>"; };
		77534FAC183A12160005D89B /* DKBackButton.m */ = {isa = PBXFileReference; fileEncoding = 4; lastKnownFileType = sourcecode.c.objc; path = DKBackButton.m; sourceTree = "<group>"; };
		77534FB0183A12160005D89B /* Base */ = {isa = PBXFileReference; lastKnownFileType = file.storyboard; name = Base; path = Base.lproj/Main_iPad.storyboard; sourceTree = "<group>"; };
		77534FB2183A12160005D89B /* Base */ = {isa = PBXFileReference; lastKnownFileType = file.storyboard; name = Base; path = Base.lproj/Main_iPhone.storyboard; sourceTree = "<group>"; };
		77534FB4183A12160005D89B /* en */ = {isa = PBXFileReference; lastKnownFileType = text.plist.strings; name = en; path = en.lproj/InfoPlist.strings; sourceTree = "<group>"; };
		77534FB5183A12160005D89B /* Images.xcassets */ = {isa = PBXFileReference; lastKnownFileType = folder.assetcatalog; path = Images.xcassets; sourceTree = "<group>"; };
		77534FB7183A12160005D89B /* AppDelegate.h */ = {isa = PBXFileReference; fileEncoding = 4; lastKnownFileType = sourcecode.c.h; path = AppDelegate.h; sourceTree = "<group>"; };
		77534FB8183A12160005D89B /* AppDelegate.m */ = {isa = PBXFileReference; fileEncoding = 4; lastKnownFileType = sourcecode.c.objc; path = AppDelegate.m; sourceTree = "<group>"; };
		77534FB9183A12160005D89B /* CodeDemoView.h */ = {isa = PBXFileReference; fileEncoding = 4; lastKnownFileType = sourcecode.c.h; path = CodeDemoView.h; sourceTree = "<group>"; };
		77534FBA183A12160005D89B /* CodeDemoView.m */ = {isa = PBXFileReference; fileEncoding = 4; lastKnownFileType = sourcecode.c.objc; path = CodeDemoView.m; sourceTree = "<group>"; };
		77534FBB183A12160005D89B /* CustomNavbarBackButton-Info.plist */ = {isa = PBXFileReference; fileEncoding = 4; lastKnownFileType = text.plist.xml; path = "CustomNavbarBackButton-Info.plist"; sourceTree = "<group>"; };
		77534FBC183A12160005D89B /* CustomNavbarBackButton-Prefix.pch */ = {isa = PBXFileReference; fileEncoding = 4; lastKnownFileType = sourcecode.c.h; path = "CustomNavbarBackButton-Prefix.pch"; sourceTree = "<group>"; };
		77534FBD183A12160005D89B /* main.m */ = {isa = PBXFileReference; fileEncoding = 4; lastKnownFileType = sourcecode.c.objc; path = main.m; sourceTree = "<group>"; };
		77534FBE183A12160005D89B /* ViewController.h */ = {isa = PBXFileReference; fileEncoding = 4; lastKnownFileType = sourcecode.c.h; path = ViewController.h; sourceTree = "<group>"; };
		77534FBF183A12160005D89B /* ViewController.m */ = {isa = PBXFileReference; fileEncoding = 4; lastKnownFileType = sourcecode.c.objc; path = ViewController.m; sourceTree = "<group>"; };
		77A1B71D1836A90600735C4F /* CustomNavbarBackButton.app */ = {isa = PBXFileReference; explicitFileType = wrapper.application; includeInIndex = 0; path = CustomNavbarBackButton.app; sourceTree = BUILT_PRODUCTS_DIR; };
		77A1B7201836A90600735C4F /* Foundation.framework */ = {isa = PBXFileReference; lastKnownFileType = wrapper.framework; name = Foundation.framework; path = System/Library/Frameworks/Foundation.framework; sourceTree = SDKROOT; };
		77A1B7221836A90600735C4F /* CoreGraphics.framework */ = {isa = PBXFileReference; lastKnownFileType = wrapper.framework; name = CoreGraphics.framework; path = System/Library/Frameworks/CoreGraphics.framework; sourceTree = SDKROOT; };
		77A1B7241836A90600735C4F /* UIKit.framework */ = {isa = PBXFileReference; lastKnownFileType = wrapper.framework; name = UIKit.framework; path = System/Library/Frameworks/UIKit.framework; sourceTree = SDKROOT; };
		77A1B7411836A90600735C4F /* CustomNavbarBackButtonTests.xctest */ = {isa = PBXFileReference; explicitFileType = wrapper.cfbundle; includeInIndex = 0; path = CustomNavbarBackButtonTests.xctest; sourceTree = BUILT_PRODUCTS_DIR; };
		77A1B7421836A90600735C4F /* XCTest.framework */ = {isa = PBXFileReference; lastKnownFileType = wrapper.framework; name = XCTest.framework; path = Library/Frameworks/XCTest.framework; sourceTree = DEVELOPER_DIR; };
		77EDBDFC1861A2BD007E71CF /* ru */ = {isa = PBXFileReference; lastKnownFileType = text.plist.strings; name = ru; path = ru.lproj/Main_iPad.strings; sourceTree = "<group>"; };
		77EDBDFD1861A2BD007E71CF /* ru */ = {isa = PBXFileReference; lastKnownFileType = text.plist.strings; name = ru; path = ru.lproj/Main_iPhone.strings; sourceTree = "<group>"; };
		77EDBDFF1861A2BD007E71CF /* ru */ = {isa = PBXFileReference; lastKnownFileType = text.plist.strings; name = ru; path = ru.lproj/InfoPlist.strings; sourceTree = "<group>"; };
/* End PBXFileReference section */

/* Begin PBXFrameworksBuildPhase section */
		77A1B71A1836A90600735C4F /* Frameworks */ = {
			isa = PBXFrameworksBuildPhase;
			buildActionMask = 2147483647;
			files = (
				77A1B7231836A90600735C4F /* CoreGraphics.framework in Frameworks */,
				77A1B7251836A90600735C4F /* UIKit.framework in Frameworks */,
				77A1B7211836A90600735C4F /* Foundation.framework in Frameworks */,
			);
			runOnlyForDeploymentPostprocessing = 0;
		};
		77A1B73E1836A90600735C4F /* Frameworks */ = {
			isa = PBXFrameworksBuildPhase;
			buildActionMask = 2147483647;
			files = (
				77A1B7431836A90600735C4F /* XCTest.framework in Frameworks */,
				77A1B7451836A90600735C4F /* UIKit.framework in Frameworks */,
				77A1B7441836A90600735C4F /* Foundation.framework in Frameworks */,
			);
			runOnlyForDeploymentPostprocessing = 0;
		};
/* End PBXFrameworksBuildPhase section */

/* Begin PBXGroup section */
		7724226518B34F8E00200218 /* resources */ = {
			isa = PBXGroup;
			children = (
				7724226618B34F8E00200218 /* back_indicator_image.png */,
				7724226718B34F8E00200218 /* back_indicator_image@2x.png */,
				7724226818B34F8E00200218 /* DKBackButtonLocalizable.strings */,
			);
			path = resources;
			sourceTree = "<group>";
		};
		77534FA4183A12160005D89B /* core */ = {
			isa = PBXGroup;
			children = (
				7724226518B34F8E00200218 /* resources */,
				77534FA8183A12160005D89B /* source */,
			);
			path = core;
			sourceTree = "<group>";
		};
		77534FA8183A12160005D89B /* source */ = {
			isa = PBXGroup;
			children = (
				77534FA9183A12160005D89B /* DKBackBarButtonItem.h */,
				77534FAA183A12160005D89B /* DKBackBarButtonItem.m */,
				77534FAB183A12160005D89B /* DKBackButton.h */,
				77534FAC183A12160005D89B /* DKBackButton.m */,
			);
			path = source;
			sourceTree = "<group>";
		};
		77534FAD183A12160005D89B /* demo */ = {
			isa = PBXGroup;
			children = (
				77534FAE183A12160005D89B /* resources */,
				77534FB6183A12160005D89B /* source */,
			);
			path = demo;
			sourceTree = "<group>";
		};
		77534FAE183A12160005D89B /* resources */ = {
			isa = PBXGroup;
			children = (
				77534FAF183A12160005D89B /* Main_iPad.storyboard */,
				77534FB1183A12160005D89B /* Main_iPhone.storyboard */,
				77534FB3183A12160005D89B /* InfoPlist.strings */,
				77534FB5183A12160005D89B /* Images.xcassets */,
			);
			path = resources;
			sourceTree = "<group>";
		};
		77534FB6183A12160005D89B /* source */ = {
			isa = PBXGroup;
			children = (
				77534FB7183A12160005D89B /* AppDelegate.h */,
				77534FB8183A12160005D89B /* AppDelegate.m */,
				77534FB9183A12160005D89B /* CodeDemoView.h */,
				77534FBA183A12160005D89B /* CodeDemoView.m */,
				77534FBB183A12160005D89B /* CustomNavbarBackButton-Info.plist */,
				77534FBC183A12160005D89B /* CustomNavbarBackButton-Prefix.pch */,
				77534FBD183A12160005D89B /* main.m */,
				77534FBE183A12160005D89B /* ViewController.h */,
				77534FBF183A12160005D89B /* ViewController.m */,
				772BA25A183B85B200B81A41 /* CodeExampleViewController.h */,
				772BA25B183B85B200B81A41 /* CodeExampleViewController.m */,
			);
			path = source;
			sourceTree = "<group>";
		};
		77A1B7141836A90600735C4F = {
			isa = PBXGroup;
			children = (
				77534FA4183A12160005D89B /* core */,
				77534FAD183A12160005D89B /* demo */,
				77A1B71F1836A90600735C4F /* Frameworks */,
				77A1B71E1836A90600735C4F /* Products */,
			);
			sourceTree = "<group>";
		};
		77A1B71E1836A90600735C4F /* Products */ = {
			isa = PBXGroup;
			children = (
				77A1B71D1836A90600735C4F /* CustomNavbarBackButton.app */,
				77A1B7411836A90600735C4F /* CustomNavbarBackButtonTests.xctest */,
			);
			name = Products;
			sourceTree = "<group>";
		};
		77A1B71F1836A90600735C4F /* Frameworks */ = {
			isa = PBXGroup;
			children = (
				77A1B7201836A90600735C4F /* Foundation.framework */,
				77A1B7221836A90600735C4F /* CoreGraphics.framework */,
				77A1B7241836A90600735C4F /* UIKit.framework */,
				77A1B7421836A90600735C4F /* XCTest.framework */,
			);
			name = Frameworks;
			sourceTree = "<group>";
		};
/* End PBXGroup section */

/* Begin PBXNativeTarget section */
		77A1B71C1836A90600735C4F /* CustomNavbarBackButton */ = {
			isa = PBXNativeTarget;
			buildConfigurationList = 77A1B7521836A90600735C4F /* Build configuration list for PBXNativeTarget "CustomNavbarBackButton" */;
			buildPhases = (
				77A1B7191836A90600735C4F /* Sources */,
				77A1B71A1836A90600735C4F /* Frameworks */,
				77A1B71B1836A90600735C4F /* Resources */,
			);
			buildRules = (
			);
			dependencies = (
			);
			name = CustomNavbarBackButton;
			productName = CustoNavbarBackButton;
			productReference = 77A1B71D1836A90600735C4F /* CustomNavbarBackButton.app */;
			productType = "com.apple.product-type.application";
		};
		77A1B7401836A90600735C4F /* CustomNavbarBackButtonTests */ = {
			isa = PBXNativeTarget;
			buildConfigurationList = 77A1B7551836A90600735C4F /* Build configuration list for PBXNativeTarget "CustomNavbarBackButtonTests" */;
			buildPhases = (
				77A1B73D1836A90600735C4F /* Sources */,
				77A1B73E1836A90600735C4F /* Frameworks */,
				77A1B73F1836A90600735C4F /* Resources */,
			);
			buildRules = (
			);
			dependencies = (
				77A1B7471836A90600735C4F /* PBXTargetDependency */,
			);
			name = CustomNavbarBackButtonTests;
			productName = CustoNavbarBackButtonTests;
			productReference = 77A1B7411836A90600735C4F /* CustomNavbarBackButtonTests.xctest */;
			productType = "com.apple.product-type.bundle.unit-test";
		};
/* End PBXNativeTarget section */

/* Begin PBXProject section */
		77A1B7151836A90600735C4F /* Project object */ = {
			isa = PBXProject;
			attributes = {
				LastUpgradeCheck = 0510;
				ORGANIZATIONNAME = "Дмитрий Калашников";
				TargetAttributes = {
					77A1B71C1836A90600735C4F = {
						DevelopmentTeam = 24RC87V7LH;
					};
					77A1B7401836A90600735C4F = {
						TestTargetID = 77A1B71C1836A90600735C4F;
					};
				};
			};
			buildConfigurationList = 77A1B7181836A90600735C4F /* Build configuration list for PBXProject "CustomNavbarBackButton" */;
			compatibilityVersion = "Xcode 3.2";
			developmentRegion = English;
			hasScannedForEncodings = 0;
			knownRegions = (
				en,
				Base,
				ru,
			);
			mainGroup = 77A1B7141836A90600735C4F;
			productRefGroup = 77A1B71E1836A90600735C4F /* Products */;
			projectDirPath = "";
			projectRoot = "";
			targets = (
				77A1B71C1836A90600735C4F /* CustomNavbarBackButton */,
				77A1B7401836A90600735C4F /* CustomNavbarBackButtonTests */,
			);
		};
/* End PBXProject section */

/* Begin PBXResourcesBuildPhase section */
		77A1B71B1836A90600735C4F /* Resources */ = {
			isa = PBXResourcesBuildPhase;
			buildActionMask = 2147483647;
			files = (
				77534FC5183A12160005D89B /* Main_iPhone.storyboard in Resources */,
				77534FC4183A12160005D89B /* Main_iPad.storyboard in Resources */,
				7724226B18B34F8E00200218 /* back_indicator_image.png in Resources */,
				7724226C18B34F8E00200218 /* back_indicator_image@2x.png in Resources */,
				77534FC7183A12160005D89B /* Images.xcassets in Resources */,
				7724226D18B34F8E00200218 /* DKBackButtonLocalizable.strings in Resources */,
				77534FC6183A12160005D89B /* InfoPlist.strings in Resources */,
			);
			runOnlyForDeploymentPostprocessing = 0;
		};
		77A1B73F1836A90600735C4F /* Resources */ = {
			isa = PBXResourcesBuildPhase;
			buildActionMask = 2147483647;
			files = (
			);
			runOnlyForDeploymentPostprocessing = 0;
		};
/* End PBXResourcesBuildPhase section */

/* Begin PBXSourcesBuildPhase section */
		77A1B7191836A90600735C4F /* Sources */ = {
			isa = PBXSourcesBuildPhase;
			buildActionMask = 2147483647;
			files = (
				772BA25C183B85B200B81A41 /* CodeExampleViewController.m in Sources */,
				77534FCC183A12160005D89B /* ViewController.m in Sources */,
				77534FCB183A12160005D89B /* main.m in Sources */,
				77534FC9183A12160005D89B /* CodeDemoView.m in Sources */,
				77534FC2183A12160005D89B /* DKBackBarButtonItem.m in Sources */,
				77534FC3183A12160005D89B /* DKBackButton.m in Sources */,
				77534FC8183A12160005D89B /* AppDelegate.m in Sources */,
			);
			runOnlyForDeploymentPostprocessing = 0;
		};
		77A1B73D1836A90600735C4F /* Sources */ = {
			isa = PBXSourcesBuildPhase;
			buildActionMask = 2147483647;
			files = (
			);
			runOnlyForDeploymentPostprocessing = 0;
		};
/* End PBXSourcesBuildPhase section */

/* Begin PBXTargetDependency section */
		77A1B7471836A90600735C4F /* PBXTargetDependency */ = {
			isa = PBXTargetDependency;
			target = 77A1B71C1836A90600735C4F /* CustomNavbarBackButton */;
			targetProxy = 77A1B7461836A90600735C4F /* PBXContainerItemProxy */;
		};
/* End PBXTargetDependency section */

/* Begin PBXVariantGroup section */
		7724226818B34F8E00200218 /* DKBackButtonLocalizable.strings */ = {
			isa = PBXVariantGroup;
			children = (
				7724226918B34F8E00200218 /* Base */,
				7724226A18B34F8E00200218 /* ru */,
			);
			name = DKBackButtonLocalizable.strings;
			sourceTree = "<group>";
		};
		77534FAF183A12160005D89B /* Main_iPad.storyboard */ = {
			isa = PBXVariantGroup;
			children = (
				77534FB0183A12160005D89B /* Base */,
				77EDBDFC1861A2BD007E71CF /* ru */,
			);
			name = Main_iPad.storyboard;
			sourceTree = "<group>";
		};
		77534FB1183A12160005D89B /* Main_iPhone.storyboard */ = {
			isa = PBXVariantGroup;
			children = (
				77534FB2183A12160005D89B /* Base */,
				77EDBDFD1861A2BD007E71CF /* ru */,
			);
			name = Main_iPhone.storyboard;
			sourceTree = "<group>";
		};
		77534FB3183A12160005D89B /* InfoPlist.strings */ = {
			isa = PBXVariantGroup;
			children = (
				77534FB4183A12160005D89B /* en */,
				77EDBDFF1861A2BD007E71CF /* ru */,
			);
			name = InfoPlist.strings;
			sourceTree = "<group>";
		};
/* End PBXVariantGroup section */

/* Begin XCBuildConfiguration section */
		77A1B7501836A90600735C4F /* Debug */ = {
			isa = XCBuildConfiguration;
			buildSettings = {
				ALWAYS_SEARCH_USER_PATHS = NO;
				CLANG_CXX_LANGUAGE_STANDARD = "gnu++0x";
				CLANG_CXX_LIBRARY = "libc++";
				CLANG_ENABLE_MODULES = YES;
				CLANG_ENABLE_OBJC_ARC = YES;
				CLANG_WARN_BOOL_CONVERSION = YES;
				CLANG_WARN_CONSTANT_CONVERSION = YES;
				CLANG_WARN_DIRECT_OBJC_ISA_USAGE = YES_ERROR;
				CLANG_WARN_EMPTY_BODY = YES;
				CLANG_WARN_ENUM_CONVERSION = YES;
				CLANG_WARN_INT_CONVERSION = YES;
				CLANG_WARN_OBJC_ROOT_CLASS = YES_ERROR;
				CLANG_WARN__DUPLICATE_METHOD_MATCH = YES;
				"CODE_SIGN_IDENTITY[sdk=iphoneos*]" = "iPhone Developer";
				COPY_PHASE_STRIP = NO;
				GCC_C_LANGUAGE_STANDARD = gnu99;
				GCC_DYNAMIC_NO_PIC = NO;
				GCC_OPTIMIZATION_LEVEL = 0;
				GCC_PREPROCESSOR_DEFINITIONS = (
					"DEBUG=1",
					"$(inherited)",
				);
				GCC_SYMBOLS_PRIVATE_EXTERN = NO;
				GCC_WARN_64_TO_32_BIT_CONVERSION = YES;
				GCC_WARN_ABOUT_RETURN_TYPE = YES_ERROR;
				GCC_WARN_UNDECLARED_SELECTOR = YES;
				GCC_WARN_UNINITIALIZED_AUTOS = YES;
				GCC_WARN_UNUSED_FUNCTION = YES;
				GCC_WARN_UNUSED_VARIABLE = YES;
				IPHONEOS_DEPLOYMENT_TARGET = 7.0;
				ONLY_ACTIVE_ARCH = YES;
				SDKROOT = iphoneos;
				TARGETED_DEVICE_FAMILY = "1,2";
			};
			name = Debug;
		};
		77A1B7511836A90600735C4F /* Release */ = {
			isa = XCBuildConfiguration;
			buildSettings = {
				ALWAYS_SEARCH_USER_PATHS = NO;
				CLANG_CXX_LANGUAGE_STANDARD = "gnu++0x";
				CLANG_CXX_LIBRARY = "libc++";
				CLANG_ENABLE_MODULES = YES;
				CLANG_ENABLE_OBJC_ARC = YES;
				CLANG_WARN_BOOL_CONVERSION = YES;
				CLANG_WARN_CONSTANT_CONVERSION = YES;
				CLANG_WARN_DIRECT_OBJC_ISA_USAGE = YES_ERROR;
				CLANG_WARN_EMPTY_BODY = YES;
				CLANG_WARN_ENUM_CONVERSION = YES;
				CLANG_WARN_INT_CONVERSION = YES;
				CLANG_WARN_OBJC_ROOT_CLASS = YES_ERROR;
				CLANG_WARN__DUPLICATE_METHOD_MATCH = YES;
				"CODE_SIGN_IDENTITY[sdk=iphoneos*]" = "iPhone Developer";
				COPY_PHASE_STRIP = YES;
				ENABLE_NS_ASSERTIONS = NO;
				GCC_C_LANGUAGE_STANDARD = gnu99;
				GCC_WARN_64_TO_32_BIT_CONVERSION = YES;
				GCC_WARN_ABOUT_RETURN_TYPE = YES_ERROR;
				GCC_WARN_UNDECLARED_SELECTOR = YES;
				GCC_WARN_UNINITIALIZED_AUTOS = YES;
				GCC_WARN_UNUSED_FUNCTION = YES;
				GCC_WARN_UNUSED_VARIABLE = YES;
				IPHONEOS_DEPLOYMENT_TARGET = 7.0;
				SDKROOT = iphoneos;
				TARGETED_DEVICE_FAMILY = "1,2";
				VALIDATE_PRODUCT = YES;
			};
			name = Release;
		};
		77A1B7531836A90600735C4F /* Debug */ = {
			isa = XCBuildConfiguration;
			buildSettings = {
				ASSETCATALOG_COMPILER_APPICON_NAME = AppIcon;
				ASSETCATALOG_COMPILER_LAUNCHIMAGE_NAME = LaunchImage;
				CODE_SIGN_IDENTITY = "iPhone Developer";
				"CODE_SIGN_IDENTITY[sdk=iphoneos*]" = "iPhone Developer";
				GCC_PRECOMPILE_PREFIX_HEADER = YES;
				GCC_PREFIX_HEADER = "demo/source/CustomNavbarBackButton-Prefix.pch";
				INFOPLIST_FILE = "$(SRCROOT)/demo/source/CustomNavbarBackButton-Info.plist";
				PRODUCT_NAME = CustomNavbarBackButton;
				PROVISIONING_PROFILE = "";
				WRAPPER_EXTENSION = app;
			};
			name = Debug;
		};
		77A1B7541836A90600735C4F /* Release */ = {
			isa = XCBuildConfiguration;
			buildSettings = {
				ASSETCATALOG_COMPILER_APPICON_NAME = AppIcon;
				ASSETCATALOG_COMPILER_LAUNCHIMAGE_NAME = LaunchImage;
				CODE_SIGN_IDENTITY = "iPhone Developer";
				"CODE_SIGN_IDENTITY[sdk=iphoneos*]" = "iPhone Developer";
				GCC_PRECOMPILE_PREFIX_HEADER = YES;
				GCC_PREFIX_HEADER = "demo/source/CustomNavbarBackButton-Prefix.pch";
				INFOPLIST_FILE = "$(SRCROOT)/demo/source/CustomNavbarBackButton-Info.plist";
				PRODUCT_NAME = CustomNavbarBackButton;
				PROVISIONING_PROFILE = "";
				WRAPPER_EXTENSION = app;
			};
			name = Release;
		};
		77A1B7561836A90600735C4F /* Debug */ = {
			isa = XCBuildConfiguration;
			buildSettings = {
				BUNDLE_LOADER = "$(BUILT_PRODUCTS_DIR)/CustoNavbarBackButton.app/CustoNavbarBackButton";
				FRAMEWORK_SEARCH_PATHS = (
					"$(SDKROOT)/Developer/Library/Frameworks",
					"$(inherited)",
					"$(DEVELOPER_FRAMEWORKS_DIR)",
				);
				GCC_PRECOMPILE_PREFIX_HEADER = YES;
				GCC_PREFIX_HEADER = "CustoNavbarBackButton/CustoNavbarBackButton-Prefix.pch";
				GCC_PREPROCESSOR_DEFINITIONS = (
					"DEBUG=1",
					"$(inherited)",
				);
				INFOPLIST_FILE = "CustoNavbarBackButtonTests/CustoNavbarBackButtonTests-Info.plist";
				PRODUCT_NAME = CustomNavbarBackButtonTests;
				TEST_HOST = "$(BUNDLE_LOADER)";
				WRAPPER_EXTENSION = xctest;
			};
			name = Debug;
		};
		77A1B7571836A90600735C4F /* Release */ = {
			isa = XCBuildConfiguration;
			buildSettings = {
				BUNDLE_LOADER = "$(BUILT_PRODUCTS_DIR)/CustoNavbarBackButton.app/CustoNavbarBackButton";
				FRAMEWORK_SEARCH_PATHS = (
					"$(SDKROOT)/Developer/Library/Frameworks",
					"$(inherited)",
					"$(DEVELOPER_FRAMEWORKS_DIR)",
				);
				GCC_PRECOMPILE_PREFIX_HEADER = YES;
				GCC_PREFIX_HEADER = "CustoNavbarBackButton/CustoNavbarBackButton-Prefix.pch";
				INFOPLIST_FILE = "CustoNavbarBackButtonTests/CustoNavbarBackButtonTests-Info.plist";
				PRODUCT_NAME = CustomNavbarBackButtonTests;
				TEST_HOST = "$(BUNDLE_LOADER)";
				WRAPPER_EXTENSION = xctest;
			};
			name = Release;
		};
/* End XCBuildConfiguration section */

/* Begin XCConfigurationList section */
		77A1B7181836A90600735C4F /* Build configuration list for PBXProject "CustomNavbarBackButton" */ = {
			isa = XCConfigurationList;
			buildConfigurations = (
				77A1B7501836A90600735C4F /* Debug */,
				77A1B7511836A90600735C4F /* Release */,
			);
			defaultConfigurationIsVisible = 0;
			defaultConfigurationName = Release;
		};
		77A1B7521836A90600735C4F /* Build configuration list for PBXNativeTarget "CustomNavbarBackButton" */ = {
			isa = XCConfigurationList;
			buildConfigurations = (
				77A1B7531836A90600735C4F /* Debug */,
				77A1B7541836A90600735C4F /* Release */,
			);
			defaultConfigurationIsVisible = 0;
			defaultConfigurationName = Release;
		};
		77A1B7551836A90600735C4F /* Build configuration list for PBXNativeTarget "CustomNavbarBackButtonTests" */ = {
			isa = XCConfigurationList;
			buildConfigurations = (
				77A1B7561836A90600735C4F /* Debug */,
				77A1B7571836A90600735C4F /* Release */,
			);
			defaultConfigurationIsVisible = 0;
			defaultConfigurationName = Release;
		};
/* End XCConfigurationList section */
	};
	rootObject = 77A1B7151836A90600735C4F /* Project object */;
}
